<?xml version="1.0" encoding="utf-8"?>
<Project ToolsVersion="4.0" xmlns="http://schemas.microsoft.com/developer/msbuild/2003">
  <ItemGroup>
    <ClCompile Include="Script.cpp" />
    <ClCompile Include="DllMain.cpp" />
    <ClCompile Include="Util\UI.cpp">
      <Filter>Util</Filter>
    </ClCompile>
    <ClCompile Include="Util\Paths.cpp">
      <Filter>Util</Filter>
    </ClCompile>
    <ClCompile Include="Util\Logger.cpp">
      <Filter>Util</Filter>
    </ClCompile>
    <ClCompile Include="KCMenuScript.cpp" />
    <ClCompile Include="MenuTexture.cpp" />
    <ClCompile Include="ImageDimensions.cpp">
      <Filter>Util</Filter>
    </ClCompile>
    <ClCompile Include="..\thirdparty\GTAVMenuBase\menu.cpp">
      <Filter>ThirdParty\GTAVMenuBase</Filter>
    </ClCompile>
    <ClCompile Include="..\thirdparty\GTAVMenuBase\menucontrols.cpp">
      <Filter>ThirdParty\GTAVMenuBase</Filter>
    </ClCompile>
    <ClCompile Include="..\thirdparty\GTAVMenuBase\menukeyboard.cpp">
      <Filter>ThirdParty\GTAVMenuBase</Filter>
    </ClCompile>
    <ClCompile Include="..\thirdparty\GTAVMenuBase\menumemutils.cpp">
      <Filter>ThirdParty\GTAVMenuBase</Filter>
    </ClCompile>
    <ClCompile Include="..\thirdparty\GTAVMenuBase\menusettings.cpp">
      <Filter>ThirdParty\GTAVMenuBase</Filter>
    </ClCompile>
    <ClCompile Include="..\thirdparty\GTAVMenuBase\menuutils.cpp">
      <Filter>ThirdParty\GTAVMenuBase</Filter>
    </ClCompile>
    <ClCompile Include="Scripts\VehicleScripts.cpp">
      <Filter>Scripts</Filter>
    </ClCompile>
    <ClCompile Include="Scripts\PlayerScripts.cpp">
      <Filter>Scripts</Filter>
    </ClCompile>
    <ClCompile Include="Menus\KCMainMenu.cpp">
      <Filter>Menus</Filter>
    </ClCompile>
    <ClCompile Include="Memory\Memory.cpp">
      <Filter>Memory</Filter>
    </ClCompile>
    <ClCompile Include="..\thirdparty\Patterns\Patterns.cpp">
      <Filter>ThirdParty\Patterns</Filter>
    </ClCompile>
    <ClCompile Include="..\thirdparty\minhook\src\buffer.c">
      <Filter>ThirdParty\MinHook</Filter>
    </ClCompile>
    <ClCompile Include="..\thirdparty\minhook\src\hook.c">
      <Filter>ThirdParty\MinHook</Filter>
    </ClCompile>
    <ClCompile Include="..\thirdparty\minhook\src\trampoline.c">
      <Filter>ThirdParty\MinHook</Filter>
    </ClCompile>
    <ClCompile Include="..\thirdparty\minhook\src\hde\hde64.c">
      <Filter>ThirdParty\MinHook\hde</Filter>
    </ClCompile>
    <ClCompile Include="..\thirdparty\minhook\src\hde\hde32.c">
      <Filter>ThirdParty\MinHook\hde</Filter>
    </ClCompile>
    <ClCompile Include="Menus\OldMenus.cpp">
      <Filter>Menus</Filter>
    </ClCompile>
    <ClCompile Include="Scripts\TextScripts.cpp">
      <Filter>Scripts</Filter>
    </ClCompile>
    <ClCompile Include="Scripts\PedScripts.cpp">
      <Filter>Scripts</Filter>
    </ClCompile>
    <ClCompile Include="Natives\natives2.cpp">
      <Filter>Natives</Filter>
    </ClCompile>
    <ClCompile Include="Util\Util.cpp">
      <Filter>Util</Filter>
    </ClCompile>
    <ClCompile Include="Scripts\MiscScripts.cpp">
      <Filter>Scripts</Filter>
    </ClCompile>
    <ClCompile Include="Util\FileFunctions.cpp">
      <Filter>Util</Filter>
    </ClCompile>
    <ClCompile Include="Teleports\TeleportLocations.cpp">
      <Filter>Teleports</Filter>
    </ClCompile>
    <ClCompile Include="pch.cpp" />
    <ClCompile Include="Components\KeyStates.cpp">
      <Filter>Components</Filter>
    </ClCompile>
    <ClCompile Include="Components\LuaScripts_old.cpp">
      <Filter>Components</Filter>
    </ClCompile>
    <ClCompile Include="Components\LuaManager.cpp">
      <Filter>Components</Filter>
    </ClCompile>
    <ClCompile Include="Memory\Hooks\HandleToEntityStructHook.cpp">
      <Filter>Memory\Hooks</Filter>
    </ClCompile>
    <ClCompile Include="Memory\Hooks\ScriptThreadRunHook.cpp">
      <Filter>Memory\Hooks</Filter>
    </ClCompile>
    <ClCompile Include="Util\PoolSpawner.cpp">
      <Filter>Util</Filter>
    </ClCompile>
    <ClCompile Include="Scripts\Player\PlayerNoClip.cpp">
      <Filter>Scripts\Player</Filter>
    </ClCompile>
    <ClCompile Include="Memory\GTAmemory.cpp">
      <Filter>Memory</Filter>
    </ClCompile>
    <ClCompile Include="Util\GTAmath.cpp">
      <Filter>Util</Filter>
    </ClCompile>
    <ClCompile Include="Memory\Hooking.cpp">
      <Filter>Memory</Filter>
    </ClCompile>
    <ClCompile Include="Util\StringManip.cpp">
      <Filter>Util</Filter>
    </ClCompile>
    <ClCompile Include="Menus\PlayerMenu.cpp">
      <Filter>Menus</Filter>
    </ClCompile>
    <ClCompile Include="Menus\TeleportMenu.cpp">
      <Filter>Menus</Filter>
    </ClCompile>
    <ClCompile Include="Menus\VehicleMenu.cpp">
      <Filter>Menus</Filter>
    </ClCompile>
    <ClCompile Include="Menus\WorldMenu.cpp">
      <Filter>Menus</Filter>
    </ClCompile>
    <ClCompile Include="Menus\PedMenu.cpp">
      <Filter>Menus</Filter>
    </ClCompile>
    <ClCompile Include="Menus\MiscMenu.cpp">
      <Filter>Menus</Filter>
    </ClCompile>
    <ClCompile Include="Scripts\WorldScripts.cpp">
      <Filter>Scripts</Filter>
    </ClCompile>
    <ClCompile Include="Scripts\Extras\MeteorShower.cpp">
      <Filter>Scripts\Extras</Filter>
    </ClCompile>
    <ClCompile Include="Scripts\Extras\GenericLoopedMode.cpp">
      <Filter>Scripts\Extras</Filter>
    </ClCompile>
    <ClCompile Include="Scripts\Extras\Game.cpp">
      <Filter>Scripts\Extras</Filter>
    </ClCompile>
    <ClCompile Include="Scripts\Extras\Classes\GTAentity.cpp">
      <Filter>Scripts\Extras\Classes</Filter>
    </ClCompile>
    <ClCompile Include="Scripts\Extras\Classes\GTAped.cpp">
      <Filter>Scripts\Extras\Classes</Filter>
    </ClCompile>
    <ClCompile Include="Scripts\Extras\Classes\GTAplayer.cpp">
      <Filter>Scripts\Extras\Classes</Filter>
    </ClCompile>
    <ClCompile Include="Scripts\Extras\Classes\GTAvehicle.cpp">
      <Filter>Scripts\Extras\Classes</Filter>
    </ClCompile>
    <ClCompile Include="Scripts\Extras\Classes\Model.cpp">
      <Filter>Scripts\Extras\Classes</Filter>
    </ClCompile>
    <ClCompile Include="Scripts\Extras\Classes\Raycast.cpp">
      <Filter>Scripts\Extras\Classes</Filter>
    </ClCompile>
    <ClCompile Include="Scripts\Extras\Classes\Rope.cpp">
      <Filter>Scripts\Extras\Classes</Filter>
    </ClCompile>
    <ClCompile Include="Scripts\Extras\Classes\Scaleform.cpp">
      <Filter>Scripts\Extras\Classes</Filter>
    </ClCompile>
    <ClCompile Include="Scripts\Extras\Classes\Tasks.cpp">
      <Filter>Scripts\Extras\Classes</Filter>
    </ClCompile>
    <ClCompile Include="Scripts\Extras\Classes\GTAblip.cpp">
      <Filter>Scripts\Extras\Classes</Filter>
    </ClCompile>
    <ClCompile Include="Scripts\Extras\World.cpp">
      <Filter>Scripts\Extras</Filter>
    </ClCompile>
    <ClCompile Include="Scripts\Stats.cpp">
      <Filter>Scripts</Filter>
    </ClCompile>
    <ClCompile Include="Scripts\Extras\Classes\GTAprop.cpp">
      <Filter>Scripts\Extras\Classes</Filter>
    </ClCompile>
    <ClCompile Include="Scripts\Extras\Classes\PTFX.cpp">
      <Filter>Scripts\Extras\Classes</Filter>
    </ClCompile>
    <ClCompile Include="Scripts\Extras\Classes\Camera.cpp">
      <Filter>Scripts\Extras\Classes</Filter>
    </ClCompile>
    <ClCompile Include="Scripts\ScaleformScripts.cpp">
      <Filter>Scripts</Filter>
    </ClCompile>
    <ClCompile Include="Scripts\VehicleSpawner.cpp">
      <Filter>Scripts</Filter>
    </ClCompile>
    <ClCompile Include="Scripts\Extras\WeaponIndivs.cpp">
      <Filter>Scripts\Extras</Filter>
    </ClCompile>
    <ClCompile Include="Scripts\Vehicles\VehicleData.cpp">
      <Filter>Scripts\Vehicles</Filter>
    </ClCompile>
    <ClCompile Include="Components\GeneratedLuaNativeBindings.cpp">
      <Filter>Components</Filter>
    </ClCompile>
    <ClCompile Include="Components\LuaNatives.cpp">
      <Filter>Components</Filter>
    </ClCompile>
    <ClCompile Include="Menus\Submenus\Vehicle\VehicleOptionsMenu.cpp">
      <Filter>Menus\Submenus\Vehicle</Filter>
    </ClCompile>
    <ClCompile Include="Scripts\NotificationManager.cpp">
      <Filter>Scripts</Filter>
    </ClCompile>
    <ClCompile Include="..\thirdparty\tinyxml2\tinyxml2.cpp">
      <Filter>ThirdParty\tinyxml2</Filter>
    </ClCompile>
    <ClCompile Include="Scripts\PedModelManager.cpp">
      <Filter>Scripts</Filter>
    </ClCompile>
    <ClCompile Include="Menus\Submenus\Player\ModelChangerMenu.cpp">
      <Filter>Menus\Submenus\Player</Filter>
    </ClCompile>
    <ClCompile Include="Teleports\TeleportManager.cpp">
      <Filter>Teleports</Filter>
    </ClCompile>
    <ClCompile Include="Teleports\IplLocations.cpp">
      <Filter>Teleports</Filter>
    </ClCompile>
    <ClCompile Include="Menus\WeaponMenu.cpp">
      <Filter>Menus</Filter>
    </ClCompile>
    <ClCompile Include="Menus\Submenus\Player\PlayerOptionsMenu.cpp">
      <Filter>Menus\Submenus\Player</Filter>
    </ClCompile>
  </ItemGroup>
  <ItemGroup>
    <ClInclude Include="Script.hpp" />
    <ClInclude Include="Util\UI.hpp">
      <Filter>Util</Filter>
    </ClInclude>
    <ClInclude Include="Util\Paths.hpp">
      <Filter>Util</Filter>
    </ClInclude>
    <ClInclude Include="Util\Logger.hpp">
      <Filter>Util</Filter>
    </ClInclude>
    <ClInclude Include="ScriptMenu.hpp" />
    <ClInclude Include="Constants.hpp" />
    <ClInclude Include="KCMenuScript.hpp" />
    <ClInclude Include="MenuTexture.hpp" />
    <ClInclude Include="ImageDimensions.hpp">
      <Filter>Util</Filter>
    </ClInclude>
    <ClInclude Include="..\thirdparty\GTAVMenuBase\InstructionalButton.h">
      <Filter>ThirdParty\GTAVMenuBase</Filter>
    </ClInclude>
    <ClInclude Include="..\thirdparty\GTAVMenuBase\menu.h">
      <Filter>ThirdParty\GTAVMenuBase</Filter>
    </ClInclude>
    <ClInclude Include="..\thirdparty\GTAVMenuBase\menucontrols.h">
      <Filter>ThirdParty\GTAVMenuBase</Filter>
    </ClInclude>
    <ClInclude Include="..\thirdparty\GTAVMenuBase\menukeyboard.h">
      <Filter>ThirdParty\GTAVMenuBase</Filter>
    </ClInclude>
    <ClInclude Include="..\thirdparty\GTAVMenuBase\menusettings.h">
      <Filter>ThirdParty\GTAVMenuBase</Filter>
    </ClInclude>
    <ClInclude Include="..\thirdparty\GTAVMenuBase\menuutils.h">
      <Filter>ThirdParty\GTAVMenuBase</Filter>
    </ClInclude>
    <ClInclude Include="..\thirdparty\GTAVMenuBase\Scaleform.h">
      <Filter>ThirdParty\GTAVMenuBase</Filter>
    </ClInclude>
    <ClInclude Include="..\thirdparty\GTAVMenuBase\menumemutils.hpp">
      <Filter>ThirdParty\GTAVMenuBase</Filter>
    </ClInclude>
    <ClInclude Include="..\thirdparty\ScriptHookV_SDK\inc\enums.h">
      <Filter>ThirdParty\ScriptHookV\inc</Filter>
    </ClInclude>
    <ClInclude Include="..\thirdparty\ScriptHookV_SDK\inc\main.h">
      <Filter>ThirdParty\ScriptHookV\inc</Filter>
    </ClInclude>
    <ClInclude Include="..\thirdparty\ScriptHookV_SDK\inc\nativeCaller.h">
      <Filter>ThirdParty\ScriptHookV\inc</Filter>
    </ClInclude>
    <ClInclude Include="..\thirdparty\ScriptHookV_SDK\inc\natives.h">
      <Filter>ThirdParty\ScriptHookV\inc</Filter>
    </ClInclude>
    <ClInclude Include="..\thirdparty\ScriptHookV_SDK\inc\types.h">
      <Filter>ThirdParty\ScriptHookV\inc</Filter>
    </ClInclude>
    <ClInclude Include="..\thirdparty\simpleini\SimpleIni.h">
      <Filter>ThirdParty\simpleini</Filter>
    </ClInclude>
    <ClInclude Include="Scripts\VehicleScripts.h">
      <Filter>Scripts</Filter>
    </ClInclude>
    <ClInclude Include="Scripts\PlayerScripts.h">
      <Filter>Scripts</Filter>
    </ClInclude>
    <ClInclude Include="Memory\Memory.h">
      <Filter>Memory</Filter>
    </ClInclude>
    <ClInclude Include="Memory\Hooks\Hook.h">
      <Filter>Memory\Hooks</Filter>
    </ClInclude>
    <ClInclude Include="Memory\Handle.h">
      <Filter>Memory</Filter>
    </ClInclude>
    <ClInclude Include="..\thirdparty\Patterns\Patterns.h">
      <Filter>ThirdParty\Patterns</Filter>
    </ClInclude>
    <ClInclude Include="..\thirdparty\minhook\src\buffer.h">
      <Filter>ThirdParty\MinHook</Filter>
    </ClInclude>
    <ClInclude Include="..\thirdparty\minhook\src\trampoline.h">
      <Filter>ThirdParty\MinHook</Filter>
    </ClInclude>
    <ClInclude Include="..\thirdparty\minhook\src\hde\hde64.h">
      <Filter>ThirdParty\MinHook\hde</Filter>
    </ClInclude>
    <ClInclude Include="..\thirdparty\minhook\src\hde\pstdint.h">
      <Filter>ThirdParty\MinHook\hde</Filter>
    </ClInclude>
    <ClInclude Include="..\thirdparty\minhook\src\hde\table32.h">
      <Filter>ThirdParty\MinHook\hde</Filter>
    </ClInclude>
    <ClInclude Include="..\thirdparty\minhook\src\hde\table64.h">
      <Filter>ThirdParty\MinHook\hde</Filter>
    </ClInclude>
    <ClInclude Include="..\thirdparty\minhook\src\hde\hde32.h">
      <Filter>ThirdParty\MinHook\hde</Filter>
    </ClInclude>
    <ClInclude Include="..\thirdparty\minhook\include\MinHook.h">
      <Filter>ThirdParty\MinHook</Filter>
    </ClInclude>
    <ClInclude Include="pch.h" />
    <ClInclude Include="Util\EntityIterator.h">
      <Filter>Util</Filter>
    </ClInclude>
    <ClInclude Include="Util\Hash.h">
      <Filter>Util</Filter>
    </ClInclude>
    <ClInclude Include="Teleports\TeleLocation.h">
      <Filter>Teleports</Filter>
    </ClInclude>
    <ClInclude Include="Scripts\TextScripts.h">
      <Filter>Scripts</Filter>
    </ClInclude>
    <ClInclude Include="Scripts\PedScripts.h">
      <Filter>Scripts</Filter>
    </ClInclude>
    <ClInclude Include="Natives\natives2.h">
      <Filter>Natives</Filter>
    </ClInclude>
    <ClInclude Include="Util\Util.hpp">
      <Filter>Util</Filter>
    </ClInclude>
    <ClInclude Include="Util\Random.h">
      <Filter>Util</Filter>
    </ClInclude>
    <ClInclude Include="Scripts\MiscScripts.h">
      <Filter>Scripts</Filter>
    </ClInclude>
    <ClInclude Include="Util\FileFunctions.h">
      <Filter>Util</Filter>
    </ClInclude>
    <ClInclude Include="Teleports\TeleportLocations.h">
      <Filter>Teleports</Filter>
    </ClInclude>
    <ClInclude Include="Memory\Misc.h">
      <Filter>Memory</Filter>
    </ClInclude>
    <ClInclude Include="Util\Enums.h">
      <Filter>Util</Filter>
    </ClInclude>
    <ClInclude Include="Memory\Snow.h">
      <Filter>Memory</Filter>
    </ClInclude>
    <ClInclude Include="Memory\Physics.h">
      <Filter>Memory</Filter>
    </ClInclude>
    <ClInclude Include="Memory\Entity.h">
      <Filter>Memory</Filter>
    </ClInclude>
    <ClInclude Include="Components\KeyStates.h">
      <Filter>Components</Filter>
    </ClInclude>
    <ClInclude Include="Components\LuaScripts_old.h">
      <Filter>Components</Filter>
    </ClInclude>
    <ClInclude Include="Components\LuaManager.h">
      <Filter>Components</Filter>
    </ClInclude>
    <ClInclude Include="Memory\Hooks\HandleToEntityStructHook.h">
      <Filter>Memory\Hooks</Filter>
    </ClInclude>
    <ClInclude Include="Memory\Hooks\ScriptThreadRunHook.h">
      <Filter>Memory\Hooks</Filter>
    </ClInclude>
    <ClInclude Include="Memory\Vehicle.h">
      <Filter>Memory</Filter>
    </ClInclude>
    <ClInclude Include="Memory\Script.h">
      <Filter>Memory</Filter>
    </ClInclude>
    <ClInclude Include="Lib\scrThread.h">
      <Filter>Lib</Filter>
    </ClInclude>
    <ClInclude Include="Util\Vehicle.h">
      <Filter>Util</Filter>
    </ClInclude>
    <ClInclude Include="Memory\PedModels.h">
      <Filter>Memory</Filter>
    </ClInclude>
    <ClInclude Include="Util\PoolSpawner.h">
      <Filter>Util</Filter>
    </ClInclude>
    <ClInclude Include="Util\Model.h">
      <Filter>Util</Filter>
    </ClInclude>
    <ClInclude Include="Scripts\Player\PlayerNoClip.h">
      <Filter>Scripts\Player</Filter>
    </ClInclude>
    <ClInclude Include="Memory\GTAmemory.h">
      <Filter>Memory</Filter>
    </ClInclude>
    <ClInclude Include="Util\GTAmath.h">
      <Filter>Util</Filter>
    </ClInclude>
    <ClInclude Include="Memory\Hooking.h">
      <Filter>Memory</Filter>
    </ClInclude>
    <ClInclude Include="Util\StringManip.h">
      <Filter>Util</Filter>
    </ClInclude>
    <ClInclude Include="Menus\PlayerMenu.h">
      <Filter>Menus</Filter>
    </ClInclude>
    <ClInclude Include="Menus\TeleportMenu.h">
      <Filter>Menus</Filter>
    </ClInclude>
    <ClInclude Include="Menus\VehicleMenu.h">
      <Filter>Menus</Filter>
    </ClInclude>
    <ClInclude Include="Menus\WorldMenu.h">
      <Filter>Menus</Filter>
    </ClInclude>
    <ClInclude Include="Menus\IMenuBuilder.h">
      <Filter>Menus</Filter>
    </ClInclude>
    <ClInclude Include="Menus\PedMenu.h">
      <Filter>Menus</Filter>
    </ClInclude>
    <ClInclude Include="Menus\MiscMenu.h">
      <Filter>Menus</Filter>
    </ClInclude>
    <ClInclude Include="common.h" />
    <ClInclude Include="Scripts\WorldScripts.h">
      <Filter>Scripts</Filter>
    </ClInclude>
    <ClInclude Include="Scripts\Extras\MeteorShower.h">
      <Filter>Scripts\Extras</Filter>
    </ClInclude>
    <ClInclude Include="Scripts\Extras\GenericLoopedMode.h">
      <Filter>Scripts\Extras</Filter>
    </ClInclude>
    <ClInclude Include="Scripts\Extras\Game.h">
      <Filter>Scripts\Extras</Filter>
    </ClInclude>
    <ClInclude Include="Scripts\Extras\Classes\GTAentity.h">
      <Filter>Scripts\Extras\Classes</Filter>
    </ClInclude>
    <ClInclude Include="Scripts\Extras\Classes\GTAped.h">
      <Filter>Scripts\Extras\Classes</Filter>
    </ClInclude>
    <ClInclude Include="Scripts\Extras\Classes\GTAplayer.h">
      <Filter>Scripts\Extras\Classes</Filter>
    </ClInclude>
    <ClInclude Include="Scripts\Extras\Classes\GTAvehicle.h">
      <Filter>Scripts\Extras\Classes</Filter>
    </ClInclude>
    <ClInclude Include="Scripts\Extras\Classes\Model.h">
      <Filter>Scripts\Extras\Classes</Filter>
    </ClInclude>
    <ClInclude Include="Scripts\Extras\Classes\Raycast.h">
      <Filter>Scripts\Extras\Classes</Filter>
    </ClInclude>
    <ClInclude Include="Scripts\Extras\Classes\Rope.h">
      <Filter>Scripts\Extras\Classes</Filter>
    </ClInclude>
    <ClInclude Include="Scripts\Extras\Classes\Scaleform.h">
      <Filter>Scripts\Extras\Classes</Filter>
    </ClInclude>
    <ClInclude Include="Scripts\Extras\Classes\Tasks.h">
      <Filter>Scripts\Extras\Classes</Filter>
    </ClInclude>
    <ClInclude Include="Scripts\Extras\Classes\GTAblip.h">
      <Filter>Scripts\Extras\Classes</Filter>
    </ClInclude>
    <ClInclude Include="Scripts\Extras\World.h">
      <Filter>Scripts\Extras</Filter>
    </ClInclude>
    <ClInclude Include="Scripts\Stats.h">
      <Filter>Scripts</Filter>
    </ClInclude>
    <ClInclude Include="Scripts\Extras\Classes\GTAprop.h">
      <Filter>Scripts\Extras\Classes</Filter>
    </ClInclude>
    <ClInclude Include="Scripts\Extras\Classes\PTFX.h">
      <Filter>Scripts\Extras\Classes</Filter>
    </ClInclude>
    <ClInclude Include="Scripts\Extras\Classes\Camera.h">
      <Filter>Scripts\Extras\Classes</Filter>
    </ClInclude>
    <ClInclude Include="Memory\WeaponPool.h">
      <Filter>Memory</Filter>
    </ClInclude>
    <ClInclude Include="FeatureToggles.h" />
    <ClInclude Include="defines.h" />
    <ClInclude Include="Scripts\ScaleformScripts.h">
      <Filter>Scripts</Filter>
    </ClInclude>
    <ClInclude Include="Scripts\VehicleSpawner.h">
      <Filter>Scripts</Filter>
    </ClInclude>
    <ClInclude Include="Scripts\Extras\WeaponIndivs.h">
      <Filter>Scripts\Extras</Filter>
    </ClInclude>
    <ClInclude Include="Scripts\Vehicles\VehicleData.h">
      <Filter>Scripts\Vehicles</Filter>
    </ClInclude>
    <ClInclude Include="Components\LuaNatives.h">
      <Filter>Components</Filter>
    </ClInclude>
    <ClInclude Include="Menus\Submenus\Vehicle\VehicleOptionsMenu.h">
      <Filter>Menus\Submenus\Vehicle</Filter>
    </ClInclude>
    <ClInclude Include="Scripts\NotificationManager.h">
      <Filter>Scripts</Filter>
    </ClInclude>
    <ClInclude Include="..\thirdparty\tinyxml2\tinyxml2.h">
      <Filter>ThirdParty\tinyxml2</Filter>
    </ClInclude>
    <ClInclude Include="Scripts\PedModelManager.h">
      <Filter>Scripts</Filter>
    </ClInclude>
    <ClInclude Include="Menus\Submenus\Player\ModelChangerMenu.h">
      <Filter>Menus\Submenus\Player</Filter>
    </ClInclude>
    <ClInclude Include="Scripts\IScriptBuilder.h">
      <Filter>Scripts</Filter>
    </ClInclude>
    <ClInclude Include="Components\LuaTypes.h">
      <Filter>Components</Filter>
    </ClInclude>
    <ClInclude Include="Teleports\TeleportManager.h">
      <Filter>Teleports</Filter>
    </ClInclude>
    <ClInclude Include="Util\StringUtils.h">
      <Filter>Util</Filter>
    </ClInclude>
    <ClInclude Include="Teleports\IplLocations.h">
      <Filter>Teleports</Filter>
    </ClInclude>
    <ClInclude Include="Menus\WeaponMenu.h">
      <Filter>Menus</Filter>
    </ClInclude>
    <ClInclude Include="Menus\Submenus\Player\PlayerOptionsMenu.h">
      <Filter>Menus\Submenus\Player</Filter>
    </ClInclude>
    <ClInclude Include="..\thirdparty\json\single_include\nlohmann\json.hpp">
      <Filter>ThirdParty\json</Filter>
    </ClInclude>
    <ClInclude Include="..\thirdparty\json\single_include\nlohmann\json_fwd.hpp">
      <Filter>ThirdParty\json</Filter>
    </ClInclude>
  </ItemGroup>
  <ItemGroup>
    <Filter Include="Util">
      <UniqueIdentifier>{2d981cd8-6f7d-42dd-bf15-44aebcda936b}</UniqueIdentifier>
    </Filter>
    <Filter Include="ThirdParty">
      <UniqueIdentifier>{12bfb7cd-0fb3-4dc1-9bdf-2f6b97605338}</UniqueIdentifier>
    </Filter>
    <Filter Include="ThirdParty\ScriptHookV">
      <UniqueIdentifier>{01012e73-37b7-4874-b66a-9390e9a83264}</UniqueIdentifier>
    </Filter>
    <Filter Include="ThirdParty\GTAVMenuBase">
      <UniqueIdentifier>{26d64db9-1573-4132-9638-76079dc911c5}</UniqueIdentifier>
    </Filter>
    <Filter Include="ThirdParty\ScriptHookV\inc">
      <UniqueIdentifier>{5a4685d5-4339-4375-a79e-f3a511b574a9}</UniqueIdentifier>
    </Filter>
    <Filter Include="ThirdParty\ScriptHookV\lib">
      <UniqueIdentifier>{f8c9a988-6205-4f4d-876e-0ea2849a9866}</UniqueIdentifier>
    </Filter>
    <Filter Include="ThirdParty\simpleini">
      <UniqueIdentifier>{6e54d8dd-e89f-4fb9-8ecc-af8f4e3bd69a}</UniqueIdentifier>
    </Filter>
    <Filter Include="Info">
      <UniqueIdentifier>{b456ee42-7020-4fb5-8bea-49dbdfee208a}</UniqueIdentifier>
    </Filter>
    <Filter Include="Scripts">
      <UniqueIdentifier>{fe276729-b511-42b7-894c-1dfc98914d97}</UniqueIdentifier>
    </Filter>
    <Filter Include="Menus">
      <UniqueIdentifier>{13fc97c3-2114-4e78-974f-f0d85301829b}</UniqueIdentifier>
    </Filter>
    <Filter Include="Memory">
      <UniqueIdentifier>{cf362074-7ec9-4e9b-b0f7-1c398ee1e2ce}</UniqueIdentifier>
    </Filter>
    <Filter Include="Memory\Hooks">
      <UniqueIdentifier>{53116e90-fc0e-4031-a36f-a0ef76e341c4}</UniqueIdentifier>
    </Filter>
    <Filter Include="ThirdParty\Patterns">
      <UniqueIdentifier>{6fec0dd4-61fc-40b7-b8b7-502890996bcf}</UniqueIdentifier>
    </Filter>
    <Filter Include="ThirdParty\MinHook">
      <UniqueIdentifier>{0a469d00-90b6-40ac-8255-6270b5010eca}</UniqueIdentifier>
    </Filter>
    <Filter Include="ThirdParty\MinHook\hde">
      <UniqueIdentifier>{8350350a-9364-44de-8788-7c34701de901}</UniqueIdentifier>
    </Filter>
    <Filter Include="Teleports">
      <UniqueIdentifier>{b4c19328-8c32-43a2-912b-d5a72bc85c9d}</UniqueIdentifier>
    </Filter>
    <Filter Include="Natives">
      <UniqueIdentifier>{359181af-c7ea-4699-892a-2c0b078225d7}</UniqueIdentifier>
    </Filter>
    <Filter Include="Components">
      <UniqueIdentifier>{fc4dafdb-c260-42fb-a951-2ab687a0c234}</UniqueIdentifier>
    </Filter>
    <Filter Include="Lib">
      <UniqueIdentifier>{3ce3ffd9-3dfd-4a0d-9d5b-129874629591}</UniqueIdentifier>
    </Filter>
    <Filter Include="Scripts\Player">
      <UniqueIdentifier>{771a9beb-6005-4c0a-b6cf-dcc26a90958d}</UniqueIdentifier>
    </Filter>
    <Filter Include="Scripts\Extras">
      <UniqueIdentifier>{c86250aa-87f7-4291-b531-3904bff0c051}</UniqueIdentifier>
    </Filter>
    <Filter Include="Scripts\Extras\Classes">
      <UniqueIdentifier>{82c8db75-5a1a-4d91-9028-21d7c46101c3}</UniqueIdentifier>
    </Filter>
    <Filter Include="Menus\Submenus">
      <UniqueIdentifier>{c7e9d4b4-06ef-4ffd-93a8-dc35bf48030c}</UniqueIdentifier>
    </Filter>
    <Filter Include="Scripts\Vehicles">
      <UniqueIdentifier>{bd30f741-3920-4773-a714-0b22769d992e}</UniqueIdentifier>
    </Filter>
    <Filter Include="Menus\Submenus\Vehicle">
      <UniqueIdentifier>{09e1e908-4f62-49be-a866-4c1a70a7f672}</UniqueIdentifier>
    </Filter>
    <Filter Include="ThirdParty\tinyxml2">
      <UniqueIdentifier>{f09530d6-36da-40f7-8e20-efde70e4f817}</UniqueIdentifier>
    </Filter>
    <Filter Include="Menus\Submenus\Player">
      <UniqueIdentifier>{a7365182-2af1-464b-96c9-2e955f807033}</UniqueIdentifier>
    </Filter>
    <Filter Include="ThirdParty\json">
      <UniqueIdentifier>{72b782d4-1c76-4ba6-beef-9a1af69ff9c5}</UniqueIdentifier>
    </Filter>
  </ItemGroup>
  <ItemGroup>
    <Library Include="..\thirdparty\ScriptHookV_SDK\lib\ScriptHookV.lib">
      <Filter>ThirdParty\ScriptHookV\lib</Filter>
    </Library>
  </ItemGroup>
  <ItemGroup>
    <None Include="..\LICENSE">
      <Filter>Info</Filter>
    </None>
    <None Include="..\README.md">
      <Filter>Info</Filter>
    </None>
    <None Include="..\CHANGELOG.md">
      <Filter>Info</Filter>
    </None>
    <None Include="Scripts\Extras\Classes\Readme.md">
      <Filter>Scripts\Extras\Classes</Filter>
    </None>
  </ItemGroup>
</Project>